
Microsoft Visual Studio Solution File, Format Version 12.00
# Visual Studio Version 17
VisualStudioVersion = 17.9.34728.123
MinimumVisualStudioVersion = 10.0.40219.1
Project("{9A19103F-16F7-4668-BE54-9A1E7A4F7556}") = "WpfAppLaba1", "WpfAppLaba1\WpfAppLaba1.csproj", "{09021A84-692B-45BA-ACBA-7CF0ABB38CBE}"
EndProject
Project("{9A19103F-16F7-4668-BE54-9A1E7A4F7556}") = "WpfAppLaba2", "WpfAppLaba2\WpfAppLaba2.csproj", "{3C6231F8-43CA-400F-AE70-B936681F4405}"
EndProject
Project("{9A19103F-16F7-4668-BE54-9A1E7A4F7556}") = "WpfAppLaba3", "WpfAppLaba3\WpfAppLaba3.csproj", "{91F663CC-D793-4BDE-8BFB-B34F48E6FC3B}"
EndProject
Project("{FAE04EC0-301F-11D3-BF4B-00C04F79EFBC}") = "WpfAppLaba4", "WpfAppLaba4\WpfAppLaba4.csproj", "{1A1B91A8-3491-4AE8-B2E4-26BBCF2C782D}"
EndProject
Project("{FAE04EC0-301F-11D3-BF4B-00C04F79EFBC}") = "WpfAppLaba4Hippodrome", "WpfAppLaba4Hippodrome\WpfAppLaba4Hippodrome.csproj", "{A84478D6-5B99-42B8-B3D7-62A2B93B6F50}"
EndProject
Project("{FAE04EC0-301F-11D3-BF4B-00C04F79EFBC}") = "WpfAppLaba5", "WpfAppLaba5\WpfAppLaba5.csproj", "{E9B6C68F-6AED-43BE-926A-9CC41BDBDB18}"
EndProject
Global
	GlobalSection(SolutionConfigurationPlatforms) = preSolution
		Debug|Any CPU = Debug|Any CPU
		Release|Any CPU = Release|Any CPU
	EndGlobalSection
	GlobalSection(ProjectConfigurationPlatforms) = postSolution
		{09021A84-692B-45BA-ACBA-7CF0ABB38CBE}.Debug|Any CPU.ActiveCfg = Debug|Any CPU
		{09021A84-692B-45BA-ACBA-7CF0ABB38CBE}.Debug|Any CPU.Build.0 = Debug|Any CPU
		{09021A84-692B-45BA-ACBA-7CF0ABB38CBE}.Release|Any CPU.ActiveCfg = Release|Any CPU
		{09021A84-692B-45BA-ACBA-7CF0ABB38CBE}.Release|Any CPU.Build.0 = Release|Any CPU
		{3C6231F8-43CA-400F-AE70-B936681F4405}.Debug|Any CPU.ActiveCfg = Debug|Any CPU
		{3C6231F8-43CA-400F-AE70-B936681F4405}.Debug|Any CPU.Build.0 = Debug|Any CPU
		{3C6231F8-43CA-400F-AE70-B936681F4405}.Release|Any CPU.ActiveCfg = Release|Any CPU
		{3C6231F8-43CA-400F-AE70-B936681F4405}.Release|Any CPU.Build.0 = Release|Any CPU
		{91F663CC-D793-4BDE-8BFB-B34F48E6FC3B}.Debug|Any CPU.ActiveCfg = Debug|Any CPU
		{91F663CC-D793-4BDE-8BFB-B34F48E6FC3B}.Debug|Any CPU.Build.0 = Debug|Any CPU
		{91F663CC-D793-4BDE-8BFB-B34F48E6FC3B}.Release|Any CPU.ActiveCfg = Release|Any CPU
		{91F663CC-D793-4BDE-8BFB-B34F48E6FC3B}.Release|Any CPU.Build.0 = Release|Any CPU
		{1A1B91A8-3491-4AE8-B2E4-26BBCF2C782D}.Debug|Any CPU.ActiveCfg = Debug|Any CPU
		{1A1B91A8-3491-4AE8-B2E4-26BBCF2C782D}.Debug|Any CPU.Build.0 = Debug|Any CPU
		{1A1B91A8-3491-4AE8-B2E4-26BBCF2C782D}.Release|Any CPU.ActiveCfg = Release|Any CPU
		{1A1B91A8-3491-4AE8-B2E4-26BBCF2C782D}.Release|Any CPU.Build.0 = Release|Any CPU
		{A84478D6-5B99-42B8-B3D7-62A2B93B6F50}.Debug|Any CPU.ActiveCfg = Debug|Any CPU
		{A84478D6-5B99-42B8-B3D7-62A2B93B6F50}.Debug|Any CPU.Build.0 = Debug|Any CPU
		{A84478D6-5B99-42B8-B3D7-62A2B93B6F50}.Release|Any CPU.ActiveCfg = Release|Any CPU
		{A84478D6-5B99-42B8-B3D7-62A2B93B6F50}.Release|Any CPU.Build.0 = Release|Any CPU
		{E9B6C68F-6AED-43BE-926A-9CC41BDBDB18}.Debug|Any CPU.ActiveCfg = Debug|Any CPU
		{E9B6C68F-6AED-43BE-926A-9CC41BDBDB18}.Debug|Any CPU.Build.0 = Debug|Any CPU
		{E9B6C68F-6AED-43BE-926A-9CC41BDBDB18}.Release|Any CPU.ActiveCfg = Release|Any CPU
		{E9B6C68F-6AED-43BE-926A-9CC41BDBDB18}.Release|Any CPU.Build.0 = Release|Any CPU
	EndGlobalSection
	GlobalSection(SolutionProperties) = preSolution
		HideSolutionNode = FALSE
	EndGlobalSection
	GlobalSection(ExtensibilityGlobals) = postSolution
		SolutionGuid = {D480964B-5025-4335-BDA8-1EE0EB8E5E02}
	EndGlobalSection
EndGlobal
